
Microsoft Visual Studio Solution File, Format Version 12.00
# Visual Studio Version 16
VisualStudioVersion = 16.0.31402.337
MinimumVisualStudioVersion = 10.0.40219.1
Project("{9A19103F-16F7-4668-BE54-9A1E7A4F7556}") = "microlab-nd", "microlab-nd\microlab-nd.csproj", "{E1776BD3-B629-4F49-8B17-9FFC53904C91}"
EndProject
Project("{9A19103F-16F7-4668-BE54-9A1E7A4F7556}") = "DataLayer", "DataLayer\DataLayer.csproj", "{B5BFCEDD-F34F-470D-95FE-E3CB42A3D542}"
EndProject
Project("{9A19103F-16F7-4668-BE54-9A1E7A4F7556}") = "microlab-console", "microlab-console\microlab-console.csproj", "{AE805626-E30D-4975-947B-EBC02C29EB6E}"
EndProject
Global
	GlobalSection(SolutionConfigurationPlatforms) = preSolution
		Debug|Any CPU = Debug|Any CPU
		Release|Any CPU = Release|Any CPU
	EndGlobalSection
	GlobalSection(ProjectConfigurationPlatforms) = postSolution
		{E1776BD3-B629-4F49-8B17-9FFC53904C91}.Debug|Any CPU.ActiveCfg = Debug|Any CPU
		{E1776BD3-B629-4F49-8B17-9FFC53904C91}.Debug|Any CPU.Build.0 = Debug|Any CPU
		{E1776BD3-B629-4F49-8B17-9FFC53904C91}.Release|Any CPU.ActiveCfg = Release|Any CPU
		{E1776BD3-B629-4F49-8B17-9FFC53904C91}.Release|Any CPU.Build.0 = Release|Any CPU
		{B5BFCEDD-F34F-470D-95FE-E3CB42A3D542}.Debug|Any CPU.ActiveCfg = Debug|Any CPU
		{B5BFCEDD-F34F-470D-95FE-E3CB42A3D542}.Debug|Any CPU.Build.0 = Debug|Any CPU
		{B5BFCEDD-F34F-470D-95FE-E3CB42A3D542}.Release|Any CPU.ActiveCfg = Release|Any CPU
		{B5BFCEDD-F34F-470D-95FE-E3CB42A3D542}.Release|Any CPU.Build.0 = Release|Any CPU
		{AE805626-E30D-4975-947B-EBC02C29EB6E}.Debug|Any CPU.ActiveCfg = Debug|Any CPU
		{AE805626-E30D-4975-947B-EBC02C29EB6E}.Debug|Any CPU.Build.0 = Debug|Any CPU
		{AE805626-E30D-4975-947B-EBC02C29EB6E}.Release|Any CPU.ActiveCfg = Release|Any CPU
		{AE805626-E30D-4975-947B-EBC02C29EB6E}.Release|Any CPU.Build.0 = Release|Any CPU
	EndGlobalSection
	GlobalSection(SolutionProperties) = preSolution
		HideSolutionNode = FALSE
	EndGlobalSection
	GlobalSection(ExtensibilityGlobals) = postSolution
		SolutionGuid = {80C7D095-34D2-48A4-8798-96B00278026A}
	EndGlobalSection
EndGlobal
